// !$*UTF8*$!
{
	archiveVersion = 1;
	classes = {
	};
	objectVersion = 50;
	objects = {

/* Begin PBXBuildFile section */
		207FC1EE253AABDE008AA63A /* AppDelegate.m in Sources */ = {isa = PBXBuildFile; fileRef = 207FC1ED253AABDE008AA63A /* AppDelegate.m */; };
		207FC1F1253AABDE008AA63A /* SceneDelegate.m in Sources */ = {isa = PBXBuildFile; fileRef = 207FC1F0253AABDE008AA63A /* SceneDelegate.m */; };
		207FC1F4253AABDE008AA63A /* ViewController.m in Sources */ = {isa = PBXBuildFile; fileRef = 207FC1F3253AABDE008AA63A /* ViewController.m */; };
		207FC1F7253AABDE008AA63A /* Main.storyboard in Resources */ = {isa = PBXBuildFile; fileRef = 207FC1F5253AABDE008AA63A /* Main.storyboard */; };
		207FC1F9253AABDE008AA63A /* Assets.xcassets in Resources */ = {isa = PBXBuildFile; fileRef = 207FC1F8253AABDE008AA63A /* Assets.xcassets */; };
		207FC1FC253AABDE008AA63A /* LaunchScreen.storyboard in Resources */ = {isa = PBXBuildFile; fileRef = 207FC1FA253AABDE008AA63A /* LaunchScreen.storyboard */; };
		207FC1FF253AABDE008AA63A /* main.m in Sources */ = {isa = PBXBuildFile; fileRef = 207FC1FE253AABDE008AA63A /* main.m */; };
		207FC224253AAD9C008AA63A /* ViewController.m in Sources */ = {isa = PBXBuildFile; fileRef = 207FC1F3253AABDE008AA63A /* ViewController.m */; };
		207FC225253AAD9C008AA63A /* AppDelegate.m in Sources */ = {isa = PBXBuildFile; fileRef = 207FC1ED253AABDE008AA63A /* AppDelegate.m */; };
		207FC226253AAD9C008AA63A /* main.m in Sources */ = {isa = PBXBuildFile; fileRef = 207FC1FE253AABDE008AA63A /* main.m */; };
		207FC227253AAD9C008AA63A /* SceneDelegate.m in Sources */ = {isa = PBXBuildFile; fileRef = 207FC1F0253AABDE008AA63A /* SceneDelegate.m */; };
		207FC22A253AAD9C008AA63A /* LaunchScreen.storyboard in Resources */ = {isa = PBXBuildFile; fileRef = 207FC1FA253AABDE008AA63A /* LaunchScreen.storyboard */; };
		207FC22B253AAD9C008AA63A /* Assets.xcassets in Resources */ = {isa = PBXBuildFile; fileRef = 207FC1F8253AABDE008AA63A /* Assets.xcassets */; };
		207FC22C253AAD9C008AA63A /* Main.storyboard in Resources */ = {isa = PBXBuildFile; fileRef = 207FC1F5253AABDE008AA63A /* Main.storyboard */; };
		861C14F836854AB204BD77A5 /* Pods_HelloWorld.framework in Frameworks */ = {isa = PBXBuildFile; fileRef = AE97E56AB10515AA4EFFBCEE /* Pods_HelloWorld.framework */; };
		D73D2C8B9FE8877127C2456D /* Pods_CircleCI.framework in Frameworks */ = {isa = PBXBuildFile; fileRef = F36706CD7F9767A5B601F98D /* Pods_CircleCI.framework */; };
/* End PBXBuildFile section */

/* Begin PBXFileReference section */
		06067286F76A6C09133549DE /* Pods-HelloWorld.release.xcconfig */ = {isa = PBXFileReference; includeInIndex = 1; lastKnownFileType = text.xcconfig; name = "Pods-HelloWorld.release.xcconfig"; path = "Target Support Files/Pods-HelloWorld/Pods-HelloWorld.release.xcconfig"; sourceTree = "<group>"; };
		207FC1E9253AABDE008AA63A /* CircleCI.app */ = {isa = PBXFileReference; explicitFileType = wrapper.application; includeInIndex = 0; path = CircleCI.app; sourceTree = BUILT_PRODUCTS_DIR; };
		207FC1EC253AABDE008AA63A /* AppDelegate.h */ = {isa = PBXFileReference; lastKnownFileType = sourcecode.c.h; path = AppDelegate.h; sourceTree = "<group>"; };
		207FC1ED253AABDE008AA63A /* AppDelegate.m */ = {isa = PBXFileReference; lastKnownFileType = sourcecode.c.objc; path = AppDelegate.m; sourceTree = "<group>"; };
		207FC1EF253AABDE008AA63A /* SceneDelegate.h */ = {isa = PBXFileReference; lastKnownFileType = sourcecode.c.h; path = SceneDelegate.h; sourceTree = "<group>"; };
		207FC1F0253AABDE008AA63A /* SceneDelegate.m */ = {isa = PBXFileReference; lastKnownFileType = sourcecode.c.objc; path = SceneDelegate.m; sourceTree = "<group>"; };
		207FC1F2253AABDE008AA63A /* ViewController.h */ = {isa = PBXFileReference; lastKnownFileType = sourcecode.c.h; path = ViewController.h; sourceTree = "<group>"; };
		207FC1F3253AABDE008AA63A /* ViewController.m */ = {isa = PBXFileReference; lastKnownFileType = sourcecode.c.objc; path = ViewController.m; sourceTree = "<group>"; };
		207FC1F6253AABDE008AA63A /* Base */ = {isa = PBXFileReference; lastKnownFileType = file.storyboard; name = Base; path = Base.lproj/Main.storyboard; sourceTree = "<group>"; };
		207FC1F8253AABDE008AA63A /* Assets.xcassets */ = {isa = PBXFileReference; lastKnownFileType = folder.assetcatalog; path = Assets.xcassets; sourceTree = "<group>"; };
		207FC1FB253AABDE008AA63A /* Base */ = {isa = PBXFileReference; lastKnownFileType = file.storyboard; name = Base; path = Base.lproj/LaunchScreen.storyboard; sourceTree = "<group>"; };
		207FC1FD253AABDE008AA63A /* CircleCI-Info.plist */ = {isa = PBXFileReference; lastKnownFileType = text.plist.xml; path = "CircleCI-Info.plist"; sourceTree = "<group>"; };
		207FC1FE253AABDE008AA63A /* main.m */ = {isa = PBXFileReference; lastKnownFileType = sourcecode.c.objc; path = main.m; sourceTree = "<group>"; };
		207FC230253AAD9C008AA63A /* HelloWorld.app */ = {isa = PBXFileReference; explicitFileType = wrapper.application; includeInIndex = 0; path = HelloWorld.app; sourceTree = BUILT_PRODUCTS_DIR; };
		207FC23F253AAEDA008AA63A /* HelloWorld-Info.plist */ = {isa = PBXFileReference; fileEncoding = 4; lastKnownFileType = text.plist.xml; path = "HelloWorld-Info.plist"; sourceTree = "<group>"; };
		376CBFEF61905FFA3B0CD512 /* Pods-CircleCI.debug.xcconfig */ = {isa = PBXFileReference; includeInIndex = 1; lastKnownFileType = text.xcconfig; name = "Pods-CircleCI.debug.xcconfig"; path = "Target Support Files/Pods-CircleCI/Pods-CircleCI.debug.xcconfig"; sourceTree = "<group>"; };
		5A10C64E19D01B783FC7928B /* Pods-HelloWorld.debug.xcconfig */ = {isa = PBXFileReference; includeInIndex = 1; lastKnownFileType = text.xcconfig; name = "Pods-HelloWorld.debug.xcconfig"; path = "Target Support Files/Pods-HelloWorld/Pods-HelloWorld.debug.xcconfig"; sourceTree = "<group>"; };
		631BD12676E70FFDE1DC8BCE /* Pods-CircleCI.release.xcconfig */ = {isa = PBXFileReference; includeInIndex = 1; lastKnownFileType = text.xcconfig; name = "Pods-CircleCI.release.xcconfig"; path = "Target Support Files/Pods-CircleCI/Pods-CircleCI.release.xcconfig"; sourceTree = "<group>"; };
		AE97E56AB10515AA4EFFBCEE /* Pods_HelloWorld.framework */ = {isa = PBXFileReference; explicitFileType = wrapper.framework; includeInIndex = 0; path = Pods_HelloWorld.framework; sourceTree = BUILT_PRODUCTS_DIR; };
		F36706CD7F9767A5B601F98D /* Pods_CircleCI.framework */ = {isa = PBXFileReference; explicitFileType = wrapper.framework; includeInIndex = 0; path = Pods_CircleCI.framework; sourceTree = BUILT_PRODUCTS_DIR; };
/* End PBXFileReference section */

/* Begin PBXFrameworksBuildPhase section */
		207FC1E6253AABDE008AA63A /* Frameworks */ = {
			isa = PBXFrameworksBuildPhase;
			buildActionMask = 2147483647;
			files = (
				D73D2C8B9FE8877127C2456D /* Pods_CircleCI.framework in Frameworks */,
			);
			runOnlyForDeploymentPostprocessing = 0;
		};
		207FC228253AAD9C008AA63A /* Frameworks */ = {
			isa = PBXFrameworksBuildPhase;
			buildActionMask = 2147483647;
			files = (
				861C14F836854AB204BD77A5 /* Pods_HelloWorld.framework in Frameworks */,
			);
			runOnlyForDeploymentPostprocessing = 0;
		};
/* End PBXFrameworksBuildPhase section */

/* Begin PBXGroup section */
		207FC1E0253AABDE008AA63A = {
			isa = PBXGroup;
			children = (
				207FC1EB253AABDE008AA63A /* CircleCI */,
				207FC1EA253AABDE008AA63A /* Products */,
				27B0C3B0D6BFC0EE17D8C47F /* Pods */,
				652F9A8843A0478245F5CCF9 /* Frameworks */,
			);
			sourceTree = "<group>";
		};
		207FC1EA253AABDE008AA63A /* Products */ = {
			isa = PBXGroup;
			children = (
				207FC1E9253AABDE008AA63A /* CircleCI.app */,
				207FC230253AAD9C008AA63A /* HelloWorld.app */,
			);
			name = Products;
			sourceTree = "<group>";
		};
		207FC1EB253AABDE008AA63A /* CircleCI */ = {
			isa = PBXGroup;
			children = (
				207FC21A253AAD09008AA63A /* Targets */,
				207FC1EC253AABDE008AA63A /* AppDelegate.h */,
				207FC1ED253AABDE008AA63A /* AppDelegate.m */,
				207FC1EF253AABDE008AA63A /* SceneDelegate.h */,
				207FC1F0253AABDE008AA63A /* SceneDelegate.m */,
				207FC1F2253AABDE008AA63A /* ViewController.h */,
				207FC1F3253AABDE008AA63A /* ViewController.m */,
				207FC1F5253AABDE008AA63A /* Main.storyboard */,
				207FC1F8253AABDE008AA63A /* Assets.xcassets */,
				207FC1FA253AABDE008AA63A /* LaunchScreen.storyboard */,
				207FC1FE253AABDE008AA63A /* main.m */,
			);
			path = CircleCI;
			sourceTree = "<group>";
		};
		207FC21A253AAD09008AA63A /* Targets */ = {
			isa = PBXGroup;
			children = (
				207FC234253AADAD008AA63A /* HelloWorld */,
				207FC21B253AAD14008AA63A /* CircleCI */,
			);
			path = Targets;
			sourceTree = "<group>";
		};
		207FC21B253AAD14008AA63A /* CircleCI */ = {
			isa = PBXGroup;
			children = (
				207FC1FD253AABDE008AA63A /* CircleCI-Info.plist */,
			);
			path = CircleCI;
			sourceTree = "<group>";
		};
		207FC234253AADAD008AA63A /* HelloWorld */ = {
			isa = PBXGroup;
			children = (
				207FC23F253AAEDA008AA63A /* HelloWorld-Info.plist */,
			);
			path = HelloWorld;
			sourceTree = "<group>";
		};
		27B0C3B0D6BFC0EE17D8C47F /* Pods */ = {
			isa = PBXGroup;
			children = (
				376CBFEF61905FFA3B0CD512 /* Pods-CircleCI.debug.xcconfig */,
				631BD12676E70FFDE1DC8BCE /* Pods-CircleCI.release.xcconfig */,
				5A10C64E19D01B783FC7928B /* Pods-HelloWorld.debug.xcconfig */,
				06067286F76A6C09133549DE /* Pods-HelloWorld.release.xcconfig */,
			);
			name = Pods;
			path = Pods;
			sourceTree = "<group>";
		};
		652F9A8843A0478245F5CCF9 /* Frameworks */ = {
			isa = PBXGroup;
			children = (
				F36706CD7F9767A5B601F98D /* Pods_CircleCI.framework */,
				AE97E56AB10515AA4EFFBCEE /* Pods_HelloWorld.framework */,
			);
			name = Frameworks;
			sourceTree = "<group>";
		};
/* End PBXGroup section */

/* Begin PBXNativeTarget section */
		207FC1E8253AABDE008AA63A /* CircleCI */ = {
			isa = PBXNativeTarget;
			buildConfigurationList = 207FC202253AABDE008AA63A /* Build configuration list for PBXNativeTarget "CircleCI" */;
			buildPhases = (
				FB5D56B466E1DF267D27B510 /* [CP] Check Pods Manifest.lock */,
				207FC1E5253AABDE008AA63A /* Sources */,
				207FC1E6253AABDE008AA63A /* Frameworks */,
				207FC1E7253AABDE008AA63A /* Resources */,
				D39207000608CDEE1677E92E /* [CP] Embed Pods Frameworks */,
			);
			buildRules = (
			);
			dependencies = (
			);
			name = CircleCI;
			productName = CircleCI;
			productReference = 207FC1E9253AABDE008AA63A /* CircleCI.app */;
			productType = "com.apple.product-type.application";
		};
		207FC222253AAD9C008AA63A /* HelloWorld */ = {
			isa = PBXNativeTarget;
			buildConfigurationList = 207FC22D253AAD9C008AA63A /* Build configuration list for PBXNativeTarget "HelloWorld" */;
			buildPhases = (
				E13C917AEF0FEA8DA600A8DD /* [CP] Check Pods Manifest.lock */,
				207FC223253AAD9C008AA63A /* Sources */,
				207FC228253AAD9C008AA63A /* Frameworks */,
				207FC229253AAD9C008AA63A /* Resources */,
			);
			buildRules = (
			);
			dependencies = (
			);
			name = HelloWorld;
			productName = CircleCI;
			productReference = 207FC230253AAD9C008AA63A /* HelloWorld.app */;
			productType = "com.apple.product-type.application";
		};
/* End PBXNativeTarget section */

/* Begin PBXProject section */
		207FC1E1253AABDE008AA63A /* Project object */ = {
			isa = PBXProject;
			attributes = {
				LastUpgradeCheck = 1200;
				TargetAttributes = {
					207FC1E8253AABDE008AA63A = {
						CreatedOnToolsVersion = 12.0;
					};
				};
			};
			buildConfigurationList = 207FC1E4253AABDE008AA63A /* Build configuration list for PBXProject "CircleCI" */;
			compatibilityVersion = "Xcode 9.3";
			developmentRegion = en;
			hasScannedForEncodings = 0;
			knownRegions = (
				en,
				Base,
			);
			mainGroup = 207FC1E0253AABDE008AA63A;
			productRefGroup = 207FC1EA253AABDE008AA63A /* Products */;
			projectDirPath = "";
			projectRoot = "";
			targets = (
				207FC1E8253AABDE008AA63A /* CircleCI */,
				207FC222253AAD9C008AA63A /* HelloWorld */,
			);
		};
/* End PBXProject section */

/* Begin PBXResourcesBuildPhase section */
		207FC1E7253AABDE008AA63A /* Resources */ = {
			isa = PBXResourcesBuildPhase;
			buildActionMask = 2147483647;
			files = (
				207FC1FC253AABDE008AA63A /* LaunchScreen.storyboard in Resources */,
				207FC1F9253AABDE008AA63A /* Assets.xcassets in Resources */,
				207FC1F7253AABDE008AA63A /* Main.storyboard in Resources */,
			);
			runOnlyForDeploymentPostprocessing = 0;
		};
		207FC229253AAD9C008AA63A /* Resources */ = {
			isa = PBXResourcesBuildPhase;
			buildActionMask = 2147483647;
			files = (
				207FC22A253AAD9C008AA63A /* LaunchScreen.storyboard in Resources */,
				207FC22B253AAD9C008AA63A /* Assets.xcassets in Resources */,
				207FC22C253AAD9C008AA63A /* Main.storyboard in Resources */,
			);
			runOnlyForDeploymentPostprocessing = 0;
		};
/* End PBXResourcesBuildPhase section */

/* Begin PBXShellScriptBuildPhase section */
		D39207000608CDEE1677E92E /* [CP] Embed Pods Frameworks */ = {
			isa = PBXShellScriptBuildPhase;
			buildActionMask = 2147483647;
			files = (
			);
			inputFileListPaths = (
				"${PODS_ROOT}/Target Support Files/Pods-CircleCI/Pods-CircleCI-frameworks-${CONFIGURATION}-input-files.xcfilelist",
			);
			name = "[CP] Embed Pods Frameworks";
			outputFileListPaths = (
				"${PODS_ROOT}/Target Support Files/Pods-CircleCI/Pods-CircleCI-frameworks-${CONFIGURATION}-output-files.xcfilelist",
			);
			runOnlyForDeploymentPostprocessing = 0;
			shellPath = /bin/sh;
			shellScript = "\"${PODS_ROOT}/Target Support Files/Pods-CircleCI/Pods-CircleCI-frameworks.sh\"\n";
			showEnvVarsInLog = 0;
		};
		E13C917AEF0FEA8DA600A8DD /* [CP] Check Pods Manifest.lock */ = {
			isa = PBXShellScriptBuildPhase;
			buildActionMask = 2147483647;
			files = (
			);
			inputFileListPaths = (
			);
			inputPaths = (
				"${PODS_PODFILE_DIR_PATH}/Podfile.lock",
				"${PODS_ROOT}/Manifest.lock",
			);
			name = "[CP] Check Pods Manifest.lock";
			outputFileListPaths = (
			);
			outputPaths = (
				"$(DERIVED_FILE_DIR)/Pods-HelloWorld-checkManifestLockResult.txt",
			);
			runOnlyForDeploymentPostprocessing = 0;
			shellPath = /bin/sh;
			shellScript = "diff \"${PODS_PODFILE_DIR_PATH}/Podfile.lock\" \"${PODS_ROOT}/Manifest.lock\" > /dev/null\nif [ $? != 0 ] ; then\n    # print error to STDERR\n    echo \"error: The sandbox is not in sync with the Podfile.lock. Run 'pod install' or update your CocoaPods installation.\" >&2\n    exit 1\nfi\n# This output is used by Xcode 'outputs' to avoid re-running this script phase.\necho \"SUCCESS\" > \"${SCRIPT_OUTPUT_FILE_0}\"\n";
			showEnvVarsInLog = 0;
		};
		FB5D56B466E1DF267D27B510 /* [CP] Check Pods Manifest.lock */ = {
			isa = PBXShellScriptBuildPhase;
			buildActionMask = 2147483647;
			files = (
			);
			inputFileListPaths = (
			);
			inputPaths = (
				"${PODS_PODFILE_DIR_PATH}/Podfile.lock",
				"${PODS_ROOT}/Manifest.lock",
			);
			name = "[CP] Check Pods Manifest.lock";
			outputFileListPaths = (
			);
			outputPaths = (
				"$(DERIVED_FILE_DIR)/Pods-CircleCI-checkManifestLockResult.txt",
			);
			runOnlyForDeploymentPostprocessing = 0;
			shellPath = /bin/sh;
			shellScript = "diff \"${PODS_PODFILE_DIR_PATH}/Podfile.lock\" \"${PODS_ROOT}/Manifest.lock\" > /dev/null\nif [ $? != 0 ] ; then\n    # print error to STDERR\n    echo \"error: The sandbox is not in sync with the Podfile.lock. Run 'pod install' or update your CocoaPods installation.\" >&2\n    exit 1\nfi\n# This output is used by Xcode 'outputs' to avoid re-running this script phase.\necho \"SUCCESS\" > \"${SCRIPT_OUTPUT_FILE_0}\"\n";
			showEnvVarsInLog = 0;
		};
/* End PBXShellScriptBuildPhase section */

/* Begin PBXSourcesBuildPhase section */
		207FC1E5253AABDE008AA63A /* Sources */ = {
			isa = PBXSourcesBuildPhase;
			buildActionMask = 2147483647;
			files = (
				207FC1F4253AABDE008AA63A /* ViewController.m in Sources */,
				207FC1EE253AABDE008AA63A /* AppDelegate.m in Sources */,
				207FC1FF253AABDE008AA63A /* main.m in Sources */,
				207FC1F1253AABDE008AA63A /* SceneDelegate.m in Sources */,
			);
			runOnlyForDeploymentPostprocessing = 0;
		};
		207FC223253AAD9C008AA63A /* Sources */ = {
			isa = PBXSourcesBuildPhase;
			buildActionMask = 2147483647;
			files = (
				207FC224253AAD9C008AA63A /* ViewController.m in Sources */,
				207FC225253AAD9C008AA63A /* AppDelegate.m in Sources */,
				207FC226253AAD9C008AA63A /* main.m in Sources */,
				207FC227253AAD9C008AA63A /* SceneDelegate.m in Sources */,
			);
			runOnlyForDeploymentPostprocessing = 0;
		};
/* End PBXSourcesBuildPhase section */

/* Begin PBXVariantGroup section */
		207FC1F5253AABDE008AA63A /* Main.storyboard */ = {
			isa = PBXVariantGroup;
			children = (
				207FC1F6253AABDE008AA63A /* Base */,
			);
			name = Main.storyboard;
			sourceTree = "<group>";
		};
		207FC1FA253AABDE008AA63A /* LaunchScreen.storyboard */ = {
			isa = PBXVariantGroup;
			children = (
				207FC1FB253AABDE008AA63A /* Base */,
			);
			name = LaunchScreen.storyboard;
			sourceTree = "<group>";
		};
/* End PBXVariantGroup section */

/* Begin XCBuildConfiguration section */
		207FC200253AABDE008AA63A /* Debug */ = {
			isa = XCBuildConfiguration;
			buildSettings = {
				ALWAYS_SEARCH_USER_PATHS = NO;
				CLANG_ANALYZER_NONNULL = YES;
				CLANG_ANALYZER_NUMBER_OBJECT_CONVERSION = YES_AGGRESSIVE;
				CLANG_CXX_LANGUAGE_STANDARD = "gnu++14";
				CLANG_CXX_LIBRARY = "libc++";
				CLANG_ENABLE_MODULES = YES;
				CLANG_ENABLE_OBJC_ARC = YES;
				CLANG_ENABLE_OBJC_WEAK = YES;
				CLANG_WARN_BLOCK_CAPTURE_AUTORELEASING = YES;
				CLANG_WARN_BOOL_CONVERSION = YES;
				CLANG_WARN_COMMA = YES;
				CLANG_WARN_CONSTANT_CONVERSION = YES;
				CLANG_WARN_DEPRECATED_OBJC_IMPLEMENTATIONS = YES;
				CLANG_WARN_DIRECT_OBJC_ISA_USAGE = YES_ERROR;
				CLANG_WARN_DOCUMENTATION_COMMENTS = YES;
				CLANG_WARN_EMPTY_BODY = YES;
				CLANG_WARN_ENUM_CONVERSION = YES;
				CLANG_WARN_INFINITE_RECURSION = YES;
				CLANG_WARN_INT_CONVERSION = YES;
				CLANG_WARN_NON_LITERAL_NULL_CONVERSION = YES;
				CLANG_WARN_OBJC_IMPLICIT_RETAIN_SELF = YES;
				CLANG_WARN_OBJC_LITERAL_CONVERSION = YES;
				CLANG_WARN_OBJC_ROOT_CLASS = YES_ERROR;
				CLANG_WARN_QUOTED_INCLUDE_IN_FRAMEWORK_HEADER = YES;
				CLANG_WARN_RANGE_LOOP_ANALYSIS = YES;
				CLANG_WARN_STRICT_PROTOTYPES = YES;
				CLANG_WARN_SUSPICIOUS_MOVE = YES;
				CLANG_WARN_UNGUARDED_AVAILABILITY = YES_AGGRESSIVE;
				CLANG_WARN_UNREACHABLE_CODE = YES;
				CLANG_WARN__DUPLICATE_METHOD_MATCH = YES;
				COPY_PHASE_STRIP = NO;
				DEBUG_INFORMATION_FORMAT = dwarf;
				ENABLE_STRICT_OBJC_MSGSEND = YES;
				ENABLE_TESTABILITY = YES;
				GCC_C_LANGUAGE_STANDARD = gnu11;
				GCC_DYNAMIC_NO_PIC = NO;
				GCC_NO_COMMON_BLOCKS = YES;
				GCC_OPTIMIZATION_LEVEL = 0;
				GCC_PREPROCESSOR_DEFINITIONS = (
					"DEBUG=1",
					"$(inherited)",
				);
				GCC_WARN_64_TO_32_BIT_CONVERSION = YES;
				GCC_WARN_ABOUT_RETURN_TYPE = YES_ERROR;
				GCC_WARN_UNDECLARED_SELECTOR = YES;
				GCC_WARN_UNINITIALIZED_AUTOS = YES_AGGRESSIVE;
				GCC_WARN_UNUSED_FUNCTION = YES;
				GCC_WARN_UNUSED_VARIABLE = YES;
				IPHONEOS_DEPLOYMENT_TARGET = 14.0;
				MTL_ENABLE_DEBUG_INFO = INCLUDE_SOURCE;
				MTL_FAST_MATH = YES;
				ONLY_ACTIVE_ARCH = YES;
				SDKROOT = iphoneos;
			};
			name = Debug;
		};
		207FC201253AABDE008AA63A /* Release */ = {
			isa = XCBuildConfiguration;
			buildSettings = {
				ALWAYS_SEARCH_USER_PATHS = NO;
				CLANG_ANALYZER_NONNULL = YES;
				CLANG_ANALYZER_NUMBER_OBJECT_CONVERSION = YES_AGGRESSIVE;
				CLANG_CXX_LANGUAGE_STANDARD = "gnu++14";
				CLANG_CXX_LIBRARY = "libc++";
				CLANG_ENABLE_MODULES = YES;
				CLANG_ENABLE_OBJC_ARC = YES;
				CLANG_ENABLE_OBJC_WEAK = YES;
				CLANG_WARN_BLOCK_CAPTURE_AUTORELEASING = YES;
				CLANG_WARN_BOOL_CONVERSION = YES;
				CLANG_WARN_COMMA = YES;
				CLANG_WARN_CONSTANT_CONVERSION = YES;
				CLANG_WARN_DEPRECATED_OBJC_IMPLEMENTATIONS = YES;
				CLANG_WARN_DIRECT_OBJC_ISA_USAGE = YES_ERROR;
				CLANG_WARN_DOCUMENTATION_COMMENTS = YES;
				CLANG_WARN_EMPTY_BODY = YES;
				CLANG_WARN_ENUM_CONVERSION = YES;
				CLANG_WARN_INFINITE_RECURSION = YES;
				CLANG_WARN_INT_CONVERSION = YES;
				CLANG_WARN_NON_LITERAL_NULL_CONVERSION = YES;
				CLANG_WARN_OBJC_IMPLICIT_RETAIN_SELF = YES;
				CLANG_WARN_OBJC_LITERAL_CONVERSION = YES;
				CLANG_WARN_OBJC_ROOT_CLASS = YES_ERROR;
				CLANG_WARN_QUOTED_INCLUDE_IN_FRAMEWORK_HEADER = YES;
				CLANG_WARN_RANGE_LOOP_ANALYSIS = YES;
				CLANG_WARN_STRICT_PROTOTYPES = YES;
				CLANG_WARN_SUSPICIOUS_MOVE = YES;
				CLANG_WARN_UNGUARDED_AVAILABILITY = YES_AGGRESSIVE;
				CLANG_WARN_UNREACHABLE_CODE = YES;
				CLANG_WARN__DUPLICATE_METHOD_MATCH = YES;
				COPY_PHASE_STRIP = NO;
				DEBUG_INFORMATION_FORMAT = "dwarf-with-dsym";
				ENABLE_NS_ASSERTIONS = NO;
				ENABLE_STRICT_OBJC_MSGSEND = YES;
				GCC_C_LANGUAGE_STANDARD = gnu11;
				GCC_NO_COMMON_BLOCKS = YES;
				GCC_WARN_64_TO_32_BIT_CONVERSION = YES;
				GCC_WARN_ABOUT_RETURN_TYPE = YES_ERROR;
				GCC_WARN_UNDECLARED_SELECTOR = YES;
				GCC_WARN_UNINITIALIZED_AUTOS = YES_AGGRESSIVE;
				GCC_WARN_UNUSED_FUNCTION = YES;
				GCC_WARN_UNUSED_VARIABLE = YES;
				IPHONEOS_DEPLOYMENT_TARGET = 14.0;
				MTL_ENABLE_DEBUG_INFO = NO;
				MTL_FAST_MATH = YES;
				SDKROOT = iphoneos;
				VALIDATE_PRODUCT = YES;
			};
			name = Release;
		};
		207FC203253AABDE008AA63A /* Debug */ = {
			isa = XCBuildConfiguration;
			baseConfigurationReference = 376CBFEF61905FFA3B0CD512 /* Pods-CircleCI.debug.xcconfig */;
			buildSettings = {
				ASSETCATALOG_COMPILER_APPICON_NAME = AppIcon;
				ASSETCATALOG_COMPILER_GLOBAL_ACCENT_COLOR_NAME = AccentColor;
				CODE_SIGN_STYLE = Automatic;
				INFOPLIST_FILE = "CircleCI/Targets/CircleCI/CircleCI-Info.plist";
				LD_RUNPATH_SEARCH_PATHS = (
					"$(inherited)",
					"@executable_path/Frameworks",
				);
				PRODUCT_BUNDLE_IDENTIFIER = com.Avinas.CircleCI;
				PRODUCT_NAME = "$(TARGET_NAME)";
				TARGETED_DEVICE_FAMILY = "1,2";
			};
			name = Debug;
		};
		207FC204253AABDE008AA63A /* Release */ = {
			isa = XCBuildConfiguration;
			baseConfigurationReference = 631BD12676E70FFDE1DC8BCE /* Pods-CircleCI.release.xcconfig */;
			buildSettings = {
				ASSETCATALOG_COMPILER_APPICON_NAME = AppIcon;
				ASSETCATALOG_COMPILER_GLOBAL_ACCENT_COLOR_NAME = AccentColor;
				CODE_SIGN_STYLE = Automatic;
				INFOPLIST_FILE = "CircleCI/Targets/CircleCI/CircleCI-Info.plist";
				LD_RUNPATH_SEARCH_PATHS = (
					"$(inherited)",
					"@executable_path/Frameworks",
				);
				PRODUCT_BUNDLE_IDENTIFIER = com.Avinas.CircleCI;
				PRODUCT_NAME = "$(TARGET_NAME)";
				TARGETED_DEVICE_FAMILY = "1,2";
			};
			name = Release;
		};
		207FC22E253AAD9C008AA63A /* Debug */ = {
			isa = XCBuildConfiguration;
			baseConfigurationReference = 5A10C64E19D01B783FC7928B /* Pods-HelloWorld.debug.xcconfig */;
			buildSettings = {
				ASSETCATALOG_COMPILER_APPICON_NAME = AppIcon;
				ASSETCATALOG_COMPILER_GLOBAL_ACCENT_COLOR_NAME = AccentColor;
				CODE_SIGN_STYLE = Automatic;
				INFOPLIST_FILE = "CircleCI/Targets/HelloWorld/HelloWorld-Info.plist";
				LD_RUNPATH_SEARCH_PATHS = (
					"$(inherited)",
					"@executable_path/Frameworks",
				);
				PRODUCT_BUNDLE_IDENTIFIER = com.Avinas.CircleCI;
				PRODUCT_NAME = "$(TARGET_NAME)";
				TARGETED_DEVICE_FAMILY = "1,2";
			};
			name = Debug;
		};
		207FC22F253AAD9C008AA63A /* Release */ = {
			isa = XCBuildConfiguration;
			baseConfigurationReference = 06067286F76A6C09133549DE /* Pods-HelloWorld.release.xcconfig */;
			buildSettings = {
				ASSETCATALOG_COMPILER_APPICON_NAME = AppIcon;
				ASSETCATALOG_COMPILER_GLOBAL_ACCENT_COLOR_NAME = AccentColor;
				CODE_SIGN_STYLE = Automatic;
				INFOPLIST_FILE = "CircleCI/Targets/HelloWorld/HelloWorld-Info.plist";
				LD_RUNPATH_SEARCH_PATHS = (
					"$(inherited)",
					"@executable_path/Frameworks",
				);
				PRODUCT_BUNDLE_IDENTIFIER = com.Avinas.CircleCI;
				PRODUCT_NAME = "$(TARGET_NAME)";
				TARGETED_DEVICE_FAMILY = "1,2";
			};
			name = Release;
		};
/* End XCBuildConfiguration section */

/* Begin XCConfigurationList section */
		207FC1E4253AABDE008AA63A /* Build configuration list for PBXProject "CircleCI" */ = {
			isa = XCConfigurationList;
			buildConfigurations = (
				207FC200253AABDE008AA63A /* Debug */,
				207FC201253AABDE008AA63A /* Release */,
			);
			defaultConfigurationIsVisible = 0;
			defaultConfigurationName = Release;
		};
		207FC202253AABDE008AA63A /* Build configuration list for PBXNativeTarget "CircleCI" */ = {
			isa = XCConfigurationList;
			buildConfigurations = (
				207FC203253AABDE008AA63A /* Debug */,
				207FC204253AABDE008AA63A /* Release */,
			);
			defaultConfigurationIsVisible = 0;
			defaultConfigurationName = Release;
		};
		207FC22D253AAD9C008AA63A /* Build configuration list for PBXNativeTarget "HelloWorld" */ = {
			isa = XCConfigurationList;
			buildConfigurations = (
				207FC22E253AAD9C008AA63A /* Debug */,
				207FC22F253AAD9C008AA63A /* Release */,
			);
			defaultConfigurationIsVisible = 0;
			defaultConfigurationName = Release;
		};
/* End XCConfigurationList section */
	};
	rootObject = 207FC1E1253AABDE008AA63A /* Project object */;
}
